// !$*UTF8*$!
{
	archiveVersion = 1;
	classes = {
	};
	objectVersion = 48;
	objects = {

/* Begin PBXBuildFile section */
		BDFD9FC61F5D4E340066B17C /* AppDelegate.swift in Sources */ = {isa = PBXBuildFile; fileRef = BDFD9FC51F5D4E340066B17C /* AppDelegate.swift */; };
		BDFD9FC81F5D4E340066B17C /* ViewController.swift in Sources */ = {isa = PBXBuildFile; fileRef = BDFD9FC71F5D4E340066B17C /* ViewController.swift */; };
		BDFD9FCB1F5D4E340066B17C /* Main.storyboard in Resources */ = {isa = PBXBuildFile; fileRef = BDFD9FC91F5D4E340066B17C /* Main.storyboard */; };
		BDFD9FCD1F5D4E340066B17C /* Assets.xcassets in Resources */ = {isa = PBXBuildFile; fileRef = BDFD9FCC1F5D4E340066B17C /* Assets.xcassets */; };
		BDFD9FD01F5D4E340066B17C /* LaunchScreen.storyboard in Resources */ = {isa = PBXBuildFile; fileRef = BDFD9FCE1F5D4E340066B17C /* LaunchScreen.storyboard */; };
/* End PBXBuildFile section */

/* Begin PBXFileReference section */
		BDFD9FC21F5D4E340066B17C /* FingerTraining.app */ = {isa = PBXFileReference; explicitFileType = wrapper.application; includeInIndex = 0; path = FingerTraining.app; sourceTree = BUILT_PRODUCTS_DIR; };
		BDFD9FC51F5D4E340066B17C /* AppDelegate.swift */ = {isa = PBXFileReference; lastKnownFileType = sourcecode.swift; path = AppDelegate.swift; sourceTree = "<group>"; };
		BDFD9FC71F5D4E340066B17C /* ViewController.swift */ = {isa = PBXFileReference; lastKnownFileType = sourcecode.swift; path = ViewController.swift; sourceTree = "<group>"; };
		BDFD9FCA1F5D4E340066B17C /* Base */ = {isa = PBXFileReference; lastKnownFileType = file.storyboard; name = Base; path = Base.lproj/Main.storyboard; sourceTree = "<group>"; };
		BDFD9FCC1F5D4E340066B17C /* Assets.xcassets */ = {isa = PBXFileReference; lastKnownFileType = folder.assetcatalog; path = Assets.xcassets; sourceTree = "<group>"; };
		BDFD9FCF1F5D4E340066B17C /* Base */ = {isa = PBXFileReference; lastKnownFileType = file.storyboard; name = Base; path = Base.lproj/LaunchScreen.storyboard; sourceTree = "<group>"; };
		BDFD9FD11F5D4E340066B17C /* Info.plist */ = {isa = PBXFileReference; lastKnownFileType = text.plist.xml; path = Info.plist; sourceTree = "<group>"; };
/* End PBXFileReference section */

/* Begin PBXFrameworksBuildPhase section */
		BDFD9FBF1F5D4E340066B17C /* Frameworks */ = {
			isa = PBXFrameworksBuildPhase;
			buildActionMask = 2147483647;
			files = (
			);
			runOnlyForDeploymentPostprocessing = 0;
		};
/* End PBXFrameworksBuildPhase section */

/* Begin PBXGroup section */
		BDFD9FB91F5D4E340066B17C = {
			isa = PBXGroup;
			children = (
				BDFD9FC41F5D4E340066B17C /* FingerTraining */,
				BDFD9FC31F5D4E340066B17C /* Products */,
			);
			sourceTree = "<group>";
		};
		BDFD9FC31F5D4E340066B17C /* Products */ = {
			isa = PBXGroup;
			children = (
				BDFD9FC21F5D4E340066B17C /* FingerTraining.app */,
			);
			name = Products;
			sourceTree = "<group>";
		};
		BDFD9FC41F5D4E340066B17C /* FingerTraining */ = {
			isa = PBXGroup;
			children = (
				BDFD9FC51F5D4E340066B17C /* AppDelegate.swift */,
				BDFD9FC71F5D4E340066B17C /* ViewController.swift */,
				BDFD9FC91F5D4E340066B17C /* Main.storyboard */,
				BDFD9FCC1F5D4E340066B17C /* Assets.xcassets */,
				BDFD9FCE1F5D4E340066B17C /* LaunchScreen.storyboard */,
				BDFD9FD11F5D4E340066B17C /* Info.plist */,
			);
			path = FingerTraining;
			sourceTree = "<group>";
		};
/* End PBXGroup section */

/* Begin PBXNativeTarget section */
		BDFD9FC11F5D4E340066B17C /* FingerTraining */ = {
			isa = PBXNativeTarget;
			buildConfigurationList = BDFD9FD41F5D4E340066B17C /* Build configuration list for PBXNativeTarget "FingerTraining" */;
			buildPhases = (
				BDFD9FBE1F5D4E340066B17C /* Sources */,
				BDFD9FBF1F5D4E340066B17C /* Frameworks */,
				BDFD9FC01F5D4E340066B17C /* Resources */,
			);
			buildRules = (
			);
			dependencies = (
			);
			name = FingerTraining;
			productName = FingerTraining;
			productReference = BDFD9FC21F5D4E340066B17C /* FingerTraining.app */;
			productType = "com.apple.product-type.application";
		};
/* End PBXNativeTarget section */

/* Begin PBXProject section */
		BDFD9FBA1F5D4E340066B17C /* Project object */ = {
			isa = PBXProject;
			attributes = {
				LastSwiftUpdateCheck = 0900;
				LastUpgradeCheck = 0900;
				ORGANIZATIONNAME = "罗文宇";
				TargetAttributes = {
					BDFD9FC11F5D4E340066B17C = {
						CreatedOnToolsVersion = 9.0;
						ProvisioningStyle = Automatic;
					};
				};
			};
			buildConfigurationList = BDFD9FBD1F5D4E340066B17C /* Build configuration list for PBXProject "FingerTraining" */;
			compatibilityVersion = "Xcode 8.0";
			developmentRegion = en;
			hasScannedForEncodings = 0;
			knownRegions = (
				en,
				Base,
			);
			mainGroup = BDFD9FB91F5D4E340066B17C;
			productRefGroup = BDFD9FC31F5D4E340066B17C /* Products */;
			projectDirPath = "";
			projectRoot = "";
			targets = (
				BDFD9FC11F5D4E340066B17C /* FingerTraining */,
			);
		};
/* End PBXProject section */

/* Begin PBXResourcesBuildPhase section */
		BDFD9FC01F5D4E340066B17C /* Resources */ = {
			isa = PBXResourcesBuildPhase;
			buildActionMask = 2147483647;
			files = (
				BDFD9FD01F5D4E340066B17C /* LaunchScreen.storyboard in Resources */,
				BDFD9FCD1F5D4E340066B17C /* Assets.xcassets in Resources */,
				BDFD9FCB1F5D4E340066B17C /* Main.storyboard in Resources */,
			);
			runOnlyForDeploymentPostprocessing = 0;
		};
/* End PBXResourcesBuildPhase section */

/* Begin PBXSourcesBuildPhase section */
		BDFD9FBE1F5D4E340066B17C /* Sources */ = {
			isa = PBXSourcesBuildPhase;
			buildActionMask = 2147483647;
			files = (
				BDFD9FC81F5D4E340066B17C /* ViewController.swift in Sources */,
				BDFD9FC61F5D4E340066B17C /* AppDelegate.swift in Sources */,
			);
			runOnlyForDeploymentPostprocessing = 0;
		};
/* End PBXSourcesBuildPhase section */

/* Begin PBXVariantGroup section */
		BDFD9FC91F5D4E340066B17C /* Main.storyboard */ = {
			isa = PBXVariantGroup;
			children = (
				BDFD9FCA1F5D4E340066B17C /* Base */,
			);
			name = Main.storyboard;
			sourceTree = "<group>";
		};
		BDFD9FCE1F5D4E340066B17C /* LaunchScreen.storyboard */ = {
			isa = PBXVariantGroup;
			children = (
				BDFD9FCF1F5D4E340066B17C /* Base */,
			);
			name = LaunchScreen.storyboard;
			sourceTree = "<group>";
		};
/* End PBXVariantGroup section */

/* Begin XCBuildConfiguration section */
		BDFD9FD21F5D4E340066B17C /* Debug */ = {
			isa = XCBuildConfiguration;
			buildSettings = {
				ALWAYS_SEARCH_USER_PATHS = NO;
				CLANG_ANALYZER_NONNULL = YES;
				CLANG_ANALYZER_NUMBER_OBJECT_CONVERSION = YES_AGGRESSIVE;
				CLANG_CXX_LANGUAGE_STANDARD = "gnu++14";
				CLANG_CXX_LIBRARY = "libc++";
				CLANG_ENABLE_MODULES = YES;
				CLANG_ENABLE_OBJC_ARC = YES;
				CLANG_WARN_BLOCK_CAPTURE_AUTORELEASING = YES;
				CLANG_WARN_BOOL_CONVERSION = YES;
				CLANG_WARN_COMMA = YES;
				CLANG_WARN_CONSTANT_CONVERSION = YES;
				CLANG_WARN_DIRECT_OBJC_ISA_USAGE = YES_ERROR;
				CLANG_WARN_DOCUMENTATION_COMMENTS = YES;
				CLANG_WARN_EMPTY_BODY = YES;
				CLANG_WARN_ENUM_CONVERSION = YES;
				CLANG_WARN_INFINITE_RECURSION = YES;
				CLANG_WARN_INT_CONVERSION = YES;
				CLANG_WARN_NON_LITERAL_NULL_CONVERSION = YES;
				CLANG_WARN_OBJC_LITERAL_CONVERSION = YES;
				CLANG_WARN_OBJC_ROOT_CLASS = YES_ERROR;
				CLANG_WARN_RANGE_LOOP_ANALYSIS = YES;
				CLANG_WARN_STRICT_PROTOTYPES = YES;
				CLANG_WARN_SUSPICIOUS_MOVE = YES;
				CLANG_WARN_UNGUARDED_AVAILABILITY = YES_AGGRESSIVE;
				CLANG_WARN_UNREACHABLE_CODE = YES;
				CLANG_WARN__DUPLICATE_METHOD_MATCH = YES;
				CODE_SIGN_IDENTITY = "iPhone Developer";
				COPY_PHASE_STRIP = NO;
				DEBUG_INFORMATION_FORMAT = dwarf;
				ENABLE_STRICT_OBJC_MSGSEND = YES;
				ENABLE_TESTABILITY = YES;
				GCC_C_LANGUAGE_STANDARD = gnu11;
				GCC_DYNAMIC_NO_PIC = NO;
				GCC_NO_COMMON_BLOCKS = YES;
				GCC_OPTIMIZATION_LEVEL = 0;
				GCC_PREPROCESSOR_DEFINITIONS = (
					"DEBUG=1",
					"$(inherited)",
				);
				GCC_WARN_64_TO_32_BIT_CONVERSION = YES;
				GCC_WARN_ABOUT_RETURN_TYPE = YES_ERROR;
				GCC_WARN_UNDECLARED_SELECTOR = YES;
				GCC_WARN_UNINITIALIZED_AUTOS = YES_AGGRESSIVE;
				GCC_WARN_UNUSED_FUNCTION = YES;
				GCC_WARN_UNUSED_VARIABLE = YES;
				IPHONEOS_DEPLOYMENT_TARGET = 11.0;
				MTL_ENABLE_DEBUG_INFO = YES;
				ONLY_ACTIVE_ARCH = YES;
				SDKROOT = iphoneos;
				SWIFT_ACTIVE_COMPILATION_CONDITIONS = DEBUG;
				SWIFT_OPTIMIZATION_LEVEL = "-Onone";
			};
			name = Debug;
		};
		BDFD9FD31F5D4E340066B17C /* Release */ = {
			isa = XCBuildConfiguration;
			buildSettings = {
				ALWAYS_SEARCH_USER_PATHS = NO;
				CLANG_ANALYZER_NONNULL = YES;
				CLANG_ANALYZER_NUMBER_OBJECT_CONVERSION = YES_AGGRESSIVE;
				CLANG_CXX_LANGUAGE_STANDARD = "gnu++14";
				CLANG_CXX_LIBRARY = "libc++";
				CLANG_ENABLE_MODULES = YES;
				CLANG_ENABLE_OBJC_ARC = YES;
				CLANG_WARN_BLOCK_CAPTURE_AUTORELEASING = YES;
				CLANG_WARN_BOOL_CONVERSION = YES;
				CLANG_WARN_COMMA = YES;
				CLANG_WARN_CONSTANT_CONVERSION = YES;
				CLANG_WARN_DIRECT_OBJC_ISA_USAGE = YES_ERROR;
				CLANG_WARN_DOCUMENTATION_COMMENTS = YES;
				CLANG_WARN_EMPTY_BODY = YES;
				CLANG_WARN_ENUM_CONVERSION = YES;
				CLANG_WARN_INFINITE_RECURSION = YES;
				CLANG_WARN_INT_CONVERSION = YES;
				CLANG_WARN_NON_LITERAL_NULL_CONVERSION = YES;
				CLANG_WARN_OBJC_LITERAL_CONVERSION = YES;
				CLANG_WARN_OBJC_ROOT_CLASS = YES_ERROR;
				CLANG_WARN_RANGE_LOOP_ANALYSIS = YES;
				CLANG_WARN_STRICT_PROTOTYPES = YES;
				CLANG_WARN_SUSPICIOUS_MOVE = YES;
				CLANG_WARN_UNGUARDED_AVAILABILITY = YES_AGGRESSIVE;
				CLANG_WARN_UNREACHABLE_CODE = YES;
				CLANG_WARN__DUPLICATE_METHOD_MATCH = YES;
				CODE_SIGN_IDENTITY = "iPhone Developer";
				COPY_PHASE_STRIP = NO;
				DEBUG_INFORMATION_FORMAT = "dwarf-with-dsym";
				ENABLE_NS_ASSERTIONS = NO;
				ENABLE_STRICT_OBJC_MSGSEND = YES;
				GCC_C_LANGUAGE_STANDARD = gnu11;
				GCC_NO_COMMON_BLOCKS = YES;
				GCC_WARN_64_TO_32_BIT_CONVERSION = YES;
				GCC_WARN_ABOUT_RETURN_TYPE = YES_ERROR;
				GCC_WARN_UNDECLARED_SELECTOR = YES;
				GCC_WARN_UNINITIALIZED_AUTOS = YES_AGGRESSIVE;
				GCC_WARN_UNUSED_FUNCTION = YES;
				GCC_WARN_UNUSED_VARIABLE = YES;
				IPHONEOS_DEPLOYMENT_TARGET = 11.0;
				MTL_ENABLE_DEBUG_INFO = NO;
				SDKROOT = iphoneos;
				SWIFT_OPTIMIZATION_LEVEL = "-Owholemodule";
				VALIDATE_PRODUCT = YES;
			};
			name = Release;
		};
		BDFD9FD51F5D4E340066B17C /* Debug */ = {
			isa = XCBuildConfiguration;
			buildSettings = {
				ASSETCATALOG_COMPILER_APPICON_NAME = AppIcon;
				CODE_SIGN_STYLE = Automatic;
				DEVELOPMENT_TEAM = B56F33L7GC;
				INFOPLIST_FILE = FingerTraining/Info.plist;
				LD_RUNPATH_SEARCH_PATHS = "$(inherited) @executable_path/Frameworks";
				PRODUCT_BUNDLE_IDENTIFIER = com.normence.FingerTraining;
				PRODUCT_NAME = "$(TARGET_NAME)";
				SWIFT_VERSION = 4.0;
				TARGETED_DEVICE_FAMILY = "1,2";
			};
			name = Debug;
		};
		BDFD9FD61F5D4E340066B17C /* Release */ = {
			isa = XCBuildConfiguration;
			buildSettings = {
				ASSETCATALOG_COMPILER_APPICON_NAME = AppIcon;
				CODE_SIGN_STYLE = Automatic;
				DEVELOPMENT_TEAM = B56F33L7GC;
				INFOPLIST_FILE = FingerTraining/Info.plist;
				LD_RUNPATH_SEARCH_PATHS = "$(inherited) @executable_path/Frameworks";
				PRODUCT_BUNDLE_IDENTIFIER = com.normence.FingerTraining;
				PRODUCT_NAME = "$(TARGET_NAME)";
				SWIFT_VERSION = 4.0;
				TARGETED_DEVICE_FAMILY = "1,2";
			};
			name = Release;
		};
/* End XCBuildConfiguration section */

/* Begin XCConfigurationList section */
		BDFD9FBD1F5D4E340066B17C /* Build configuration list for PBXProject "FingerTraining" */ = {
			isa = XCConfigurationList;
			buildConfigurations = (
				BDFD9FD21F5D4E340066B17C /* Debug */,
				BDFD9FD31F5D4E340066B17C /* Release */,
			);
			defaultConfigurationIsVisible = 0;
			defaultConfigurationName = Release;
		};
		BDFD9FD41F5D4E340066B17C /* Build configuration list for PBXNativeTarget "FingerTraining" */ = {
			isa = XCConfigurationList;
			buildConfigurations = (
				BDFD9FD51F5D4E340066B17C /* Debug */,
				BDFD9FD61F5D4E340066B17C /* Release */,
			);
			defaultConfigurationIsVisible = 0;
			defaultConfigurationName = Release;
		};
/* End XCConfigurationList section */
	};
	rootObject = BDFD9FBA1F5D4E340066B17C /* Project object */;
}
